
Microsoft Visual Studio Solution File, Format Version 12.00
# Visual Studio Version 17
VisualStudioVersion = 17.12.35707.178
MinimumVisualStudioVersion = 10.0.40219.1
Project("{2150E333-8FDC-42A3-9474-1A3956D46DE8}") = "Services", "Services", "{815BEE6E-5060-4D50-83EC-43DA3C511723}"
EndProject
Project("{2150E333-8FDC-42A3-9474-1A3956D46DE8}") = "Catalog", "Catalog", "{F596AF39-492B-41ED-A48B-981AC5DB9A1E}"
EndProject
Project("{FAE04EC0-301F-11D3-BF4B-00C04F79EFBC}") = "Catalog.API", "Services\Catalog\Catalog.API\Catalog.API.csproj", "{41DC51B7-87AC-44A1-BFB6-AE7A2655ED01}"
EndProject
Project("{FAE04EC0-301F-11D3-BF4B-00C04F79EFBC}") = "Catalog.Core", "Services\Catalog\Catalog.Core\Catalog.Core.csproj", "{1AB7E555-A785-4691-8E2A-8EA96557EAEB}"
EndProject
Project("{E53339B2-1760-4266-BCC7-CA923CBCF16C}") = "docker-compose", "docker-compose.dcproj", "{FD1D28C3-7295-498A-B5C2-D0A5562DC1DA}"
EndProject
Project("{FAE04EC0-301F-11D3-BF4B-00C04F79EFBC}") = "Catalog.Infrastructure", "Services\Catalog\Catalog.Infrastructure\Catalog.Infrastructure.csproj", "{C79BF422-7429-473C-9D3D-F784FA2E56CB}"
EndProject
Project("{2150E333-8FDC-42A3-9474-1A3956D46DE8}") = "Basket", "Basket", "{18F324D3-634B-4FD8-9327-6493BD1C1C89}"
EndProject
Project("{FAE04EC0-301F-11D3-BF4B-00C04F79EFBC}") = "Basket.API", "Services\Basket\Basket.API\Basket.API.csproj", "{F771ABBE-6513-4924-8836-151B21C03AF6}"
EndProject
Project("{FAE04EC0-301F-11D3-BF4B-00C04F79EFBC}") = "Basket.Core", "Services\Basket\Basket.Core\Basket.Core.csproj", "{4827BA3D-658A-4F4F-81B3-5294FCA3EE32}"
EndProject
Project("{FAE04EC0-301F-11D3-BF4B-00C04F79EFBC}") = "Basket.Infrastructure", "Services\Basket\Basket.Infrastructure\Basket.Infrastructure.csproj", "{773FF71D-FA9D-4FCB-A60A-4AD33F74AC70}"
EndProject
Project("{2150E333-8FDC-42A3-9474-1A3956D46DE8}") = "Discount", "Discount", "{58E1B7D0-2CCD-4DE1-9602-3D156A0AA600}"
EndProject
Project("{FAE04EC0-301F-11D3-BF4B-00C04F79EFBC}") = "Discount.API", "Services\Discount\Discount.API\Discount.API.csproj", "{2EB2DB25-424E-4594-BC51-E4C54D562673}"
EndProject
Project("{FAE04EC0-301F-11D3-BF4B-00C04F79EFBC}") = "Discount.Core", "Services\Discount\Discount.Core\Discount.Core.csproj", "{0576DF53-151A-46C9-A08B-62FF2144684A}"
EndProject
Project("{FAE04EC0-301F-11D3-BF4B-00C04F79EFBC}") = "Discount.Infrastructure", "Services\Discount\Discount.Infrastructure\Discount.Infrastructure.csproj", "{F1DEAE79-D8B2-4095-B158-9DE1483DC280}"
EndProject
Project("{2150E333-8FDC-42A3-9474-1A3956D46DE8}") = "Ordering", "Ordering", "{8D0B7F15-7674-45EC-BC1D-307D1E47527D}"
EndProject
Project("{FAE04EC0-301F-11D3-BF4B-00C04F79EFBC}") = "Ordering.API", "Services\Ordering\Ordering.API\Ordering.API.csproj", "{502AC553-560E-42D1-8383-4AD14A125135}"
EndProject
Project("{FAE04EC0-301F-11D3-BF4B-00C04F79EFBC}") = "Ordering.Core", "Services\Ordering\Ordering.Core\Ordering.Core.csproj", "{BCD0587B-B713-435B-B6CD-787F5D00AFFE}"
EndProject
Project("{FAE04EC0-301F-11D3-BF4B-00C04F79EFBC}") = "Ordering.Infrastructure", "Services\Ordering\Ordering.Infrastructure\Ordering.Infrastructure.csproj", "{079AFAD4-F59B-4F86-B6C7-B3C000C9F134}"
EndProject
Global
	GlobalSection(SolutionConfigurationPlatforms) = preSolution
		Debug|Any CPU = Debug|Any CPU
		Release|Any CPU = Release|Any CPU
	EndGlobalSection
	GlobalSection(ProjectConfigurationPlatforms) = postSolution
		{41DC51B7-87AC-44A1-BFB6-AE7A2655ED01}.Debug|Any CPU.ActiveCfg = Debug|Any CPU
		{41DC51B7-87AC-44A1-BFB6-AE7A2655ED01}.Debug|Any CPU.Build.0 = Debug|Any CPU
		{41DC51B7-87AC-44A1-BFB6-AE7A2655ED01}.Release|Any CPU.ActiveCfg = Release|Any CPU
		{41DC51B7-87AC-44A1-BFB6-AE7A2655ED01}.Release|Any CPU.Build.0 = Release|Any CPU
		{1AB7E555-A785-4691-8E2A-8EA96557EAEB}.Debug|Any CPU.ActiveCfg = Debug|Any CPU
		{1AB7E555-A785-4691-8E2A-8EA96557EAEB}.Debug|Any CPU.Build.0 = Debug|Any CPU
		{1AB7E555-A785-4691-8E2A-8EA96557EAEB}.Release|Any CPU.ActiveCfg = Release|Any CPU
		{1AB7E555-A785-4691-8E2A-8EA96557EAEB}.Release|Any CPU.Build.0 = Release|Any CPU
		{FD1D28C3-7295-498A-B5C2-D0A5562DC1DA}.Debug|Any CPU.ActiveCfg = Debug|Any CPU
		{FD1D28C3-7295-498A-B5C2-D0A5562DC1DA}.Debug|Any CPU.Build.0 = Debug|Any CPU
		{FD1D28C3-7295-498A-B5C2-D0A5562DC1DA}.Release|Any CPU.ActiveCfg = Release|Any CPU
		{FD1D28C3-7295-498A-B5C2-D0A5562DC1DA}.Release|Any CPU.Build.0 = Release|Any CPU
		{C79BF422-7429-473C-9D3D-F784FA2E56CB}.Debug|Any CPU.ActiveCfg = Debug|Any CPU
		{C79BF422-7429-473C-9D3D-F784FA2E56CB}.Debug|Any CPU.Build.0 = Debug|Any CPU
		{C79BF422-7429-473C-9D3D-F784FA2E56CB}.Release|Any CPU.ActiveCfg = Release|Any CPU
		{C79BF422-7429-473C-9D3D-F784FA2E56CB}.Release|Any CPU.Build.0 = Release|Any CPU
		{F771ABBE-6513-4924-8836-151B21C03AF6}.Debug|Any CPU.ActiveCfg = Debug|Any CPU
		{F771ABBE-6513-4924-8836-151B21C03AF6}.Debug|Any CPU.Build.0 = Debug|Any CPU
		{F771ABBE-6513-4924-8836-151B21C03AF6}.Release|Any CPU.ActiveCfg = Release|Any CPU
		{F771ABBE-6513-4924-8836-151B21C03AF6}.Release|Any CPU.Build.0 = Release|Any CPU
		{4827BA3D-658A-4F4F-81B3-5294FCA3EE32}.Debug|Any CPU.ActiveCfg = Debug|Any CPU
		{4827BA3D-658A-4F4F-81B3-5294FCA3EE32}.Debug|Any CPU.Build.0 = Debug|Any CPU
		{4827BA3D-658A-4F4F-81B3-5294FCA3EE32}.Release|Any CPU.ActiveCfg = Release|Any CPU
		{4827BA3D-658A-4F4F-81B3-5294FCA3EE32}.Release|Any CPU.Build.0 = Release|Any CPU
		{773FF71D-FA9D-4FCB-A60A-4AD33F74AC70}.Debug|Any CPU.ActiveCfg = Debug|Any CPU
		{773FF71D-FA9D-4FCB-A60A-4AD33F74AC70}.Debug|Any CPU.Build.0 = Debug|Any CPU
		{773FF71D-FA9D-4FCB-A60A-4AD33F74AC70}.Release|Any CPU.ActiveCfg = Release|Any CPU
		{773FF71D-FA9D-4FCB-A60A-4AD33F74AC70}.Release|Any CPU.Build.0 = Release|Any CPU
		{2EB2DB25-424E-4594-BC51-E4C54D562673}.Debug|Any CPU.ActiveCfg = Debug|Any CPU
		{2EB2DB25-424E-4594-BC51-E4C54D562673}.Debug|Any CPU.Build.0 = Debug|Any CPU
		{2EB2DB25-424E-4594-BC51-E4C54D562673}.Release|Any CPU.ActiveCfg = Release|Any CPU
		{2EB2DB25-424E-4594-BC51-E4C54D562673}.Release|Any CPU.Build.0 = Release|Any CPU
		{0576DF53-151A-46C9-A08B-62FF2144684A}.Debug|Any CPU.ActiveCfg = Debug|Any CPU
		{0576DF53-151A-46C9-A08B-62FF2144684A}.Debug|Any CPU.Build.0 = Debug|Any CPU
		{0576DF53-151A-46C9-A08B-62FF2144684A}.Release|Any CPU.ActiveCfg = Release|Any CPU
		{0576DF53-151A-46C9-A08B-62FF2144684A}.Release|Any CPU.Build.0 = Release|Any CPU
		{F1DEAE79-D8B2-4095-B158-9DE1483DC280}.Debug|Any CPU.ActiveCfg = Debug|Any CPU
		{F1DEAE79-D8B2-4095-B158-9DE1483DC280}.Debug|Any CPU.Build.0 = Debug|Any CPU
		{F1DEAE79-D8B2-4095-B158-9DE1483DC280}.Release|Any CPU.ActiveCfg = Release|Any CPU
		{F1DEAE79-D8B2-4095-B158-9DE1483DC280}.Release|Any CPU.Build.0 = Release|Any CPU
		{502AC553-560E-42D1-8383-4AD14A125135}.Debug|Any CPU.ActiveCfg = Debug|Any CPU
		{502AC553-560E-42D1-8383-4AD14A125135}.Debug|Any CPU.Build.0 = Debug|Any CPU
		{502AC553-560E-42D1-8383-4AD14A125135}.Release|Any CPU.ActiveCfg = Release|Any CPU
		{502AC553-560E-42D1-8383-4AD14A125135}.Release|Any CPU.Build.0 = Release|Any CPU
		{BCD0587B-B713-435B-B6CD-787F5D00AFFE}.Debug|Any CPU.ActiveCfg = Debug|Any CPU
		{BCD0587B-B713-435B-B6CD-787F5D00AFFE}.Debug|Any CPU.Build.0 = Debug|Any CPU
		{BCD0587B-B713-435B-B6CD-787F5D00AFFE}.Release|Any CPU.ActiveCfg = Release|Any CPU
		{BCD0587B-B713-435B-B6CD-787F5D00AFFE}.Release|Any CPU.Build.0 = Release|Any CPU
		{079AFAD4-F59B-4F86-B6C7-B3C000C9F134}.Debug|Any CPU.ActiveCfg = Debug|Any CPU
		{079AFAD4-F59B-4F86-B6C7-B3C000C9F134}.Debug|Any CPU.Build.0 = Debug|Any CPU
		{079AFAD4-F59B-4F86-B6C7-B3C000C9F134}.Release|Any CPU.ActiveCfg = Release|Any CPU
		{079AFAD4-F59B-4F86-B6C7-B3C000C9F134}.Release|Any CPU.Build.0 = Release|Any CPU
	EndGlobalSection
	GlobalSection(SolutionProperties) = preSolution
		HideSolutionNode = FALSE
	EndGlobalSection
	GlobalSection(NestedProjects) = preSolution
		{F596AF39-492B-41ED-A48B-981AC5DB9A1E} = {815BEE6E-5060-4D50-83EC-43DA3C511723}
		{41DC51B7-87AC-44A1-BFB6-AE7A2655ED01} = {F596AF39-492B-41ED-A48B-981AC5DB9A1E}
		{1AB7E555-A785-4691-8E2A-8EA96557EAEB} = {F596AF39-492B-41ED-A48B-981AC5DB9A1E}
		{C79BF422-7429-473C-9D3D-F784FA2E56CB} = {F596AF39-492B-41ED-A48B-981AC5DB9A1E}
		{18F324D3-634B-4FD8-9327-6493BD1C1C89} = {815BEE6E-5060-4D50-83EC-43DA3C511723}
		{F771ABBE-6513-4924-8836-151B21C03AF6} = {18F324D3-634B-4FD8-9327-6493BD1C1C89}
		{4827BA3D-658A-4F4F-81B3-5294FCA3EE32} = {18F324D3-634B-4FD8-9327-6493BD1C1C89}
		{773FF71D-FA9D-4FCB-A60A-4AD33F74AC70} = {18F324D3-634B-4FD8-9327-6493BD1C1C89}
		{58E1B7D0-2CCD-4DE1-9602-3D156A0AA600} = {815BEE6E-5060-4D50-83EC-43DA3C511723}
		{2EB2DB25-424E-4594-BC51-E4C54D562673} = {58E1B7D0-2CCD-4DE1-9602-3D156A0AA600}
		{0576DF53-151A-46C9-A08B-62FF2144684A} = {58E1B7D0-2CCD-4DE1-9602-3D156A0AA600}
		{F1DEAE79-D8B2-4095-B158-9DE1483DC280} = {58E1B7D0-2CCD-4DE1-9602-3D156A0AA600}
		{8D0B7F15-7674-45EC-BC1D-307D1E47527D} = {815BEE6E-5060-4D50-83EC-43DA3C511723}
		{502AC553-560E-42D1-8383-4AD14A125135} = {8D0B7F15-7674-45EC-BC1D-307D1E47527D}
		{BCD0587B-B713-435B-B6CD-787F5D00AFFE} = {8D0B7F15-7674-45EC-BC1D-307D1E47527D}
		{079AFAD4-F59B-4F86-B6C7-B3C000C9F134} = {8D0B7F15-7674-45EC-BC1D-307D1E47527D}
	EndGlobalSection
EndGlobal
